
Microsoft Visual Studio Solution File, Format Version 12.00
# Visual Studio Version 17
VisualStudioVersion = 17.7.34018.315
MinimumVisualStudioVersion = 10.0.40219.1
Project("{8BC9CEB8-8B4A-11D0-8D11-00A0C91BC942}") = "QuestEditor", "QuestEditor\QuestEditor.vcxproj", "{E44835A3-3151-4F5F-9305-8772AFE8393B}"
EndProject
Global
	GlobalSection(SolutionConfigurationPlatforms) = preSolution
		Debug|ARM = Debug|ARM
		Debug|ARM64 = Debug|ARM64
		Debug|x64 = Debug|x64
		Debug|x86 = Debug|x86
		Release|ARM = Release|ARM
		Release|ARM64 = Release|ARM64
		Release|x64 = Release|x64
		Release|x86 = Release|x86
	EndGlobalSection
	GlobalSection(ProjectConfigurationPlatforms) = postSolution
		{E44835A3-3151-4F5F-9305-8772AFE8393B}.Debug|ARM.ActiveCfg = Debug|ARM
		{E44835A3-3151-4F5F-9305-8772AFE8393B}.Debug|ARM.Build.0 = Debug|ARM
		{E44835A3-3151-4F5F-9305-8772AFE8393B}.Debug|ARM.Deploy.0 = Debug|ARM
		{E44835A3-3151-4F5F-9305-8772AFE8393B}.Debug|ARM64.ActiveCfg = Debug|ARM64
		{E44835A3-3151-4F5F-9305-8772AFE8393B}.Debug|ARM64.Build.0 = Debug|ARM64
		{E44835A3-3151-4F5F-9305-8772AFE8393B}.Debug|ARM64.Deploy.0 = Debug|ARM64
		{E44835A3-3151-4F5F-9305-8772AFE8393B}.Debug|x64.ActiveCfg = Debug|x64
		{E44835A3-3151-4F5F-9305-8772AFE8393B}.Debug|x64.Build.0 = Debug|x64
		{E44835A3-3151-4F5F-9305-8772AFE8393B}.Debug|x64.Deploy.0 = Debug|x64
		{E44835A3-3151-4F5F-9305-8772AFE8393B}.Debug|x86.ActiveCfg = Debug|Win32
		{E44835A3-3151-4F5F-9305-8772AFE8393B}.Debug|x86.Build.0 = Debug|Win32
		{E44835A3-3151-4F5F-9305-8772AFE8393B}.Debug|x86.Deploy.0 = Debug|Win32
		{E44835A3-3151-4F5F-9305-8772AFE8393B}.Release|ARM.ActiveCfg = Release|ARM
		{E44835A3-3151-4F5F-9305-8772AFE8393B}.Release|ARM.Build.0 = Release|ARM
		{E44835A3-3151-4F5F-9305-8772AFE8393B}.Release|ARM.Deploy.0 = Release|ARM
		{E44835A3-3151-4F5F-9305-8772AFE8393B}.Release|ARM64.ActiveCfg = Release|ARM64
		{E44835A3-3151-4F5F-9305-8772AFE8393B}.Release|ARM64.Build.0 = Release|ARM64
		{E44835A3-3151-4F5F-9305-8772AFE8393B}.Release|ARM64.Deploy.0 = Release|ARM64
		{E44835A3-3151-4F5F-9305-8772AFE8393B}.Release|x64.ActiveCfg = Release|x64
		{E44835A3-3151-4F5F-9305-8772AFE8393B}.Release|x64.Build.0 = Release|x64
		{E44835A3-3151-4F5F-9305-8772AFE8393B}.Release|x64.Deploy.0 = Release|x64
		{E44835A3-3151-4F5F-9305-8772AFE8393B}.Release|x86.ActiveCfg = Release|Win32
		{E44835A3-3151-4F5F-9305-8772AFE8393B}.Release|x86.Build.0 = Release|Win32
		{E44835A3-3151-4F5F-9305-8772AFE8393B}.Release|x86.Deploy.0 = Release|Win32
	EndGlobalSection
	GlobalSection(SolutionProperties) = preSolution
		HideSolutionNode = FALSE
	EndGlobalSection
	GlobalSection(ExtensibilityGlobals) = postSolution
		SolutionGuid = {0804DE08-3CFE-4E7A-BB21-57071EBF0E89}
	EndGlobalSection
EndGlobal
